
Microsoft Visual Studio Solution File, Format Version 11.00
# Visual Studio 2010
Project("{8BC9CEB8-8B4A-11D0-8D11-00A0C91BC942}") = "TestUnicodeIO", "TestUnicodeIO\TestUnicodeIO.vcxproj", "{7FD61251-16AD-4DA9-AF9D-7091E5771BB2}"
EndProject
Project("{8BC9CEB8-8B4A-11D0-8D11-00A0C91BC942}") = "FormatFloat", "FormatFloat\FormatFloat.vcxproj", "{B618C849-3ED8-4192-A2A9-9E70416CDBC7}"
EndProject
Project("{FAE04EC0-301F-11D3-BF4B-00C04F79EFBC}") = "EFLib", "EFLib\EFLib.csproj", "{2CB1CE67-766E-4663-8A44-D35BE54197B5}"
EndProject
Project("{8BC9CEB8-8B4A-11D0-8D11-00A0C91BC942}") = "ImageScale", "ImageScale\ImageScale.vcxproj", "{0CB39553-39D5-4574-AD2B-886D0665DB91}"
EndProject
Project("{FAE04EC0-301F-11D3-BF4B-00C04F79EFBC}") = "HashPlayingWinform", "HashPlayingWinform\HashPlayingWinform.csproj", "{6F29BECF-B64B-4621-8945-965A59AD2CFB}"
EndProject
Project("{8BC9CEB8-8B4A-11D0-8D11-00A0C91BC942}") = "MFCExControl", "MFCExControl\MFCExControl.vcxproj", "{2FC576CD-35FF-4234-BA13-6B2A2DD47DBD}"
EndProject
Project("{8BC9CEB8-8B4A-11D0-8D11-00A0C91BC942}") = "MFCTest", "MFCTest\MFCTest.vcxproj", "{903A7DFE-EC65-44D4-8B01-05B677DD2A7D}"
EndProject
Project("{8BC9CEB8-8B4A-11D0-8D11-00A0C91BC942}") = "ListCtrlTest", "ListCtrlTest\ListCtrlTest.vcxproj", "{18CE206C-5C02-46BA-92A9-C36B6C69D60E}"
EndProject
Project("{8BC9CEB8-8B4A-11D0-8D11-00A0C91BC942}") = "CreatingViewWithFile", "CreatingViewWithFile\CreatingViewWithFile.vcxproj", "{C19AFE0B-2CC9-4925-AB52-A3CB2913E497}"
EndProject
Global
	GlobalSection(SolutionConfigurationPlatforms) = preSolution
		CodeCoverage|Any CPU = CodeCoverage|Any CPU
		CodeCoverage|Mixed Platforms = CodeCoverage|Mixed Platforms
		CodeCoverage|Win32 = CodeCoverage|Win32
		CodeCoverage|x86 = CodeCoverage|x86
		Debug|Any CPU = Debug|Any CPU
		Debug|Mixed Platforms = Debug|Mixed Platforms
		Debug|Win32 = Debug|Win32
		Debug|x86 = Debug|x86
		Release|Any CPU = Release|Any CPU
		Release|Mixed Platforms = Release|Mixed Platforms
		Release|Win32 = Release|Win32
		Release|x86 = Release|x86
		Template|Any CPU = Template|Any CPU
		Template|Mixed Platforms = Template|Mixed Platforms
		Template|Win32 = Template|Win32
		Template|x86 = Template|x86
	EndGlobalSection
	GlobalSection(ProjectConfigurationPlatforms) = postSolution
		{7FD61251-16AD-4DA9-AF9D-7091E5771BB2}.CodeCoverage|Any CPU.ActiveCfg = Release|Win32
		{7FD61251-16AD-4DA9-AF9D-7091E5771BB2}.CodeCoverage|Mixed Platforms.ActiveCfg = Release|Win32
		{7FD61251-16AD-4DA9-AF9D-7091E5771BB2}.CodeCoverage|Mixed Platforms.Build.0 = Release|Win32
		{7FD61251-16AD-4DA9-AF9D-7091E5771BB2}.CodeCoverage|Win32.ActiveCfg = Release|Win32
		{7FD61251-16AD-4DA9-AF9D-7091E5771BB2}.CodeCoverage|Win32.Build.0 = Release|Win32
		{7FD61251-16AD-4DA9-AF9D-7091E5771BB2}.CodeCoverage|x86.ActiveCfg = Release|Win32
		{7FD61251-16AD-4DA9-AF9D-7091E5771BB2}.Debug|Any CPU.ActiveCfg = Debug|Win32
		{7FD61251-16AD-4DA9-AF9D-7091E5771BB2}.Debug|Mixed Platforms.ActiveCfg = Debug|Win32
		{7FD61251-16AD-4DA9-AF9D-7091E5771BB2}.Debug|Mixed Platforms.Build.0 = Debug|Win32
		{7FD61251-16AD-4DA9-AF9D-7091E5771BB2}.Debug|Win32.ActiveCfg = Debug|Win32
		{7FD61251-16AD-4DA9-AF9D-7091E5771BB2}.Debug|Win32.Build.0 = Debug|Win32
		{7FD61251-16AD-4DA9-AF9D-7091E5771BB2}.Debug|x86.ActiveCfg = Debug|Win32
		{7FD61251-16AD-4DA9-AF9D-7091E5771BB2}.Release|Any CPU.ActiveCfg = Release|Win32
		{7FD61251-16AD-4DA9-AF9D-7091E5771BB2}.Release|Mixed Platforms.ActiveCfg = Release|Win32
		{7FD61251-16AD-4DA9-AF9D-7091E5771BB2}.Release|Mixed Platforms.Build.0 = Release|Win32
		{7FD61251-16AD-4DA9-AF9D-7091E5771BB2}.Release|Win32.ActiveCfg = Release|Win32
		{7FD61251-16AD-4DA9-AF9D-7091E5771BB2}.Release|Win32.Build.0 = Release|Win32
		{7FD61251-16AD-4DA9-AF9D-7091E5771BB2}.Release|x86.ActiveCfg = Release|Win32
		{7FD61251-16AD-4DA9-AF9D-7091E5771BB2}.Template|Any CPU.ActiveCfg = Release|Win32
		{7FD61251-16AD-4DA9-AF9D-7091E5771BB2}.Template|Mixed Platforms.ActiveCfg = Release|Win32
		{7FD61251-16AD-4DA9-AF9D-7091E5771BB2}.Template|Mixed Platforms.Build.0 = Release|Win32
		{7FD61251-16AD-4DA9-AF9D-7091E5771BB2}.Template|Win32.ActiveCfg = Release|Win32
		{7FD61251-16AD-4DA9-AF9D-7091E5771BB2}.Template|Win32.Build.0 = Release|Win32
		{7FD61251-16AD-4DA9-AF9D-7091E5771BB2}.Template|x86.ActiveCfg = Release|Win32
		{B618C849-3ED8-4192-A2A9-9E70416CDBC7}.CodeCoverage|Any CPU.ActiveCfg = Release|Win32
		{B618C849-3ED8-4192-A2A9-9E70416CDBC7}.CodeCoverage|Mixed Platforms.ActiveCfg = Release|Win32
		{B618C849-3ED8-4192-A2A9-9E70416CDBC7}.CodeCoverage|Mixed Platforms.Build.0 = Release|Win32
		{B618C849-3ED8-4192-A2A9-9E70416CDBC7}.CodeCoverage|Win32.ActiveCfg = Release|Win32
		{B618C849-3ED8-4192-A2A9-9E70416CDBC7}.CodeCoverage|Win32.Build.0 = Release|Win32
		{B618C849-3ED8-4192-A2A9-9E70416CDBC7}.CodeCoverage|x86.ActiveCfg = Release|Win32
		{B618C849-3ED8-4192-A2A9-9E70416CDBC7}.Debug|Any CPU.ActiveCfg = Debug|Win32
		{B618C849-3ED8-4192-A2A9-9E70416CDBC7}.Debug|Mixed Platforms.ActiveCfg = Debug|Win32
		{B618C849-3ED8-4192-A2A9-9E70416CDBC7}.Debug|Mixed Platforms.Build.0 = Debug|Win32
		{B618C849-3ED8-4192-A2A9-9E70416CDBC7}.Debug|Win32.ActiveCfg = Debug|Win32
		{B618C849-3ED8-4192-A2A9-9E70416CDBC7}.Debug|Win32.Build.0 = Debug|Win32
		{B618C849-3ED8-4192-A2A9-9E70416CDBC7}.Debug|x86.ActiveCfg = Debug|Win32
		{B618C849-3ED8-4192-A2A9-9E70416CDBC7}.Release|Any CPU.ActiveCfg = Release|Win32
		{B618C849-3ED8-4192-A2A9-9E70416CDBC7}.Release|Mixed Platforms.ActiveCfg = Release|Win32
		{B618C849-3ED8-4192-A2A9-9E70416CDBC7}.Release|Mixed Platforms.Build.0 = Release|Win32
		{B618C849-3ED8-4192-A2A9-9E70416CDBC7}.Release|Win32.ActiveCfg = Release|Win32
		{B618C849-3ED8-4192-A2A9-9E70416CDBC7}.Release|Win32.Build.0 = Release|Win32
		{B618C849-3ED8-4192-A2A9-9E70416CDBC7}.Release|x86.ActiveCfg = Release|Win32
		{B618C849-3ED8-4192-A2A9-9E70416CDBC7}.Template|Any CPU.ActiveCfg = Release|Win32
		{B618C849-3ED8-4192-A2A9-9E70416CDBC7}.Template|Mixed Platforms.ActiveCfg = Release|Win32
		{B618C849-3ED8-4192-A2A9-9E70416CDBC7}.Template|Mixed Platforms.Build.0 = Release|Win32
		{B618C849-3ED8-4192-A2A9-9E70416CDBC7}.Template|Win32.ActiveCfg = Release|Win32
		{B618C849-3ED8-4192-A2A9-9E70416CDBC7}.Template|Win32.Build.0 = Release|Win32
		{B618C849-3ED8-4192-A2A9-9E70416CDBC7}.Template|x86.ActiveCfg = Release|Win32
		{2CB1CE67-766E-4663-8A44-D35BE54197B5}.CodeCoverage|Any CPU.ActiveCfg = Release|Any CPU
		{2CB1CE67-766E-4663-8A44-D35BE54197B5}.CodeCoverage|Any CPU.Build.0 = Release|Any CPU
		{2CB1CE67-766E-4663-8A44-D35BE54197B5}.CodeCoverage|Mixed Platforms.ActiveCfg = Release|Any CPU
		{2CB1CE67-766E-4663-8A44-D35BE54197B5}.CodeCoverage|Mixed Platforms.Build.0 = Release|Any CPU
		{2CB1CE67-766E-4663-8A44-D35BE54197B5}.CodeCoverage|Win32.ActiveCfg = Release|Any CPU
		{2CB1CE67-766E-4663-8A44-D35BE54197B5}.CodeCoverage|x86.ActiveCfg = Release|Any CPU
		{2CB1CE67-766E-4663-8A44-D35BE54197B5}.Debug|Any CPU.ActiveCfg = Debug|Any CPU
		{2CB1CE67-766E-4663-8A44-D35BE54197B5}.Debug|Any CPU.Build.0 = Debug|Any CPU
		{2CB1CE67-766E-4663-8A44-D35BE54197B5}.Debug|Mixed Platforms.ActiveCfg = Debug|Any CPU
		{2CB1CE67-766E-4663-8A44-D35BE54197B5}.Debug|Mixed Platforms.Build.0 = Debug|Any CPU
		{2CB1CE67-766E-4663-8A44-D35BE54197B5}.Debug|Win32.ActiveCfg = Debug|Any CPU
		{2CB1CE67-766E-4663-8A44-D35BE54197B5}.Debug|x86.ActiveCfg = Debug|Any CPU
		{2CB1CE67-766E-4663-8A44-D35BE54197B5}.Release|Any CPU.ActiveCfg = Release|Any CPU
		{2CB1CE67-766E-4663-8A44-D35BE54197B5}.Release|Any CPU.Build.0 = Release|Any CPU
		{2CB1CE67-766E-4663-8A44-D35BE54197B5}.Release|Mixed Platforms.ActiveCfg = Release|Any CPU
		{2CB1CE67-766E-4663-8A44-D35BE54197B5}.Release|Mixed Platforms.Build.0 = Release|Any CPU
		{2CB1CE67-766E-4663-8A44-D35BE54197B5}.Release|Win32.ActiveCfg = Release|Any CPU
		{2CB1CE67-766E-4663-8A44-D35BE54197B5}.Release|x86.ActiveCfg = Release|Any CPU
		{2CB1CE67-766E-4663-8A44-D35BE54197B5}.Template|Any CPU.ActiveCfg = Release|Any CPU
		{2CB1CE67-766E-4663-8A44-D35BE54197B5}.Template|Any CPU.Build.0 = Release|Any CPU
		{2CB1CE67-766E-4663-8A44-D35BE54197B5}.Template|Mixed Platforms.ActiveCfg = Release|Any CPU
		{2CB1CE67-766E-4663-8A44-D35BE54197B5}.Template|Mixed Platforms.Build.0 = Release|Any CPU
		{2CB1CE67-766E-4663-8A44-D35BE54197B5}.Template|Win32.ActiveCfg = Release|Any CPU
		{2CB1CE67-766E-4663-8A44-D35BE54197B5}.Template|x86.ActiveCfg = Release|Any CPU
		{0CB39553-39D5-4574-AD2B-886D0665DB91}.CodeCoverage|Any CPU.ActiveCfg = Release|Win32
		{0CB39553-39D5-4574-AD2B-886D0665DB91}.CodeCoverage|Mixed Platforms.ActiveCfg = Release|Win32
		{0CB39553-39D5-4574-AD2B-886D0665DB91}.CodeCoverage|Mixed Platforms.Build.0 = Release|Win32
		{0CB39553-39D5-4574-AD2B-886D0665DB91}.CodeCoverage|Win32.ActiveCfg = Release|Win32
		{0CB39553-39D5-4574-AD2B-886D0665DB91}.CodeCoverage|Win32.Build.0 = Release|Win32
		{0CB39553-39D5-4574-AD2B-886D0665DB91}.CodeCoverage|x86.ActiveCfg = Release|Win32
		{0CB39553-39D5-4574-AD2B-886D0665DB91}.Debug|Any CPU.ActiveCfg = Debug|Win32
		{0CB39553-39D5-4574-AD2B-886D0665DB91}.Debug|Mixed Platforms.ActiveCfg = Debug|Win32
		{0CB39553-39D5-4574-AD2B-886D0665DB91}.Debug|Mixed Platforms.Build.0 = Debug|Win32
		{0CB39553-39D5-4574-AD2B-886D0665DB91}.Debug|Win32.ActiveCfg = Debug|Win32
		{0CB39553-39D5-4574-AD2B-886D0665DB91}.Debug|Win32.Build.0 = Debug|Win32
		{0CB39553-39D5-4574-AD2B-886D0665DB91}.Debug|x86.ActiveCfg = Debug|Win32
		{0CB39553-39D5-4574-AD2B-886D0665DB91}.Release|Any CPU.ActiveCfg = Release|Win32
		{0CB39553-39D5-4574-AD2B-886D0665DB91}.Release|Mixed Platforms.ActiveCfg = Release|Win32
		{0CB39553-39D5-4574-AD2B-886D0665DB91}.Release|Mixed Platforms.Build.0 = Release|Win32
		{0CB39553-39D5-4574-AD2B-886D0665DB91}.Release|Win32.ActiveCfg = Release|Win32
		{0CB39553-39D5-4574-AD2B-886D0665DB91}.Release|Win32.Build.0 = Release|Win32
		{0CB39553-39D5-4574-AD2B-886D0665DB91}.Release|x86.ActiveCfg = Release|Win32
		{0CB39553-39D5-4574-AD2B-886D0665DB91}.Template|Any CPU.ActiveCfg = Release|Win32
		{0CB39553-39D5-4574-AD2B-886D0665DB91}.Template|Mixed Platforms.ActiveCfg = Release|Win32
		{0CB39553-39D5-4574-AD2B-886D0665DB91}.Template|Mixed Platforms.Build.0 = Release|Win32
		{0CB39553-39D5-4574-AD2B-886D0665DB91}.Template|Win32.ActiveCfg = Release|Win32
		{0CB39553-39D5-4574-AD2B-886D0665DB91}.Template|Win32.Build.0 = Release|Win32
		{0CB39553-39D5-4574-AD2B-886D0665DB91}.Template|x86.ActiveCfg = Release|Win32
		{6F29BECF-B64B-4621-8945-965A59AD2CFB}.CodeCoverage|Any CPU.ActiveCfg = Release|x86
		{6F29BECF-B64B-4621-8945-965A59AD2CFB}.CodeCoverage|Mixed Platforms.ActiveCfg = Release|x86
		{6F29BECF-B64B-4621-8945-965A59AD2CFB}.CodeCoverage|Mixed Platforms.Build.0 = Release|x86
		{6F29BECF-B64B-4621-8945-965A59AD2CFB}.CodeCoverage|Win32.ActiveCfg = Release|x86
		{6F29BECF-B64B-4621-8945-965A59AD2CFB}.CodeCoverage|x86.ActiveCfg = Release|x86
		{6F29BECF-B64B-4621-8945-965A59AD2CFB}.CodeCoverage|x86.Build.0 = Release|x86
		{6F29BECF-B64B-4621-8945-965A59AD2CFB}.Debug|Any CPU.ActiveCfg = Debug|x86
		{6F29BECF-B64B-4621-8945-965A59AD2CFB}.Debug|Mixed Platforms.ActiveCfg = Debug|x86
		{6F29BECF-B64B-4621-8945-965A59AD2CFB}.Debug|Mixed Platforms.Build.0 = Debug|x86
		{6F29BECF-B64B-4621-8945-965A59AD2CFB}.Debug|Win32.ActiveCfg = Debug|x86
		{6F29BECF-B64B-4621-8945-965A59AD2CFB}.Debug|x86.ActiveCfg = Debug|x86
		{6F29BECF-B64B-4621-8945-965A59AD2CFB}.Debug|x86.Build.0 = Debug|x86
		{6F29BECF-B64B-4621-8945-965A59AD2CFB}.Release|Any CPU.ActiveCfg = Release|x86
		{6F29BECF-B64B-4621-8945-965A59AD2CFB}.Release|Mixed Platforms.ActiveCfg = Release|x86
		{6F29BECF-B64B-4621-8945-965A59AD2CFB}.Release|Mixed Platforms.Build.0 = Release|x86
		{6F29BECF-B64B-4621-8945-965A59AD2CFB}.Release|Win32.ActiveCfg = Release|x86
		{6F29BECF-B64B-4621-8945-965A59AD2CFB}.Release|x86.ActiveCfg = Release|x86
		{6F29BECF-B64B-4621-8945-965A59AD2CFB}.Release|x86.Build.0 = Release|x86
		{6F29BECF-B64B-4621-8945-965A59AD2CFB}.Template|Any CPU.ActiveCfg = Release|x86
		{6F29BECF-B64B-4621-8945-965A59AD2CFB}.Template|Mixed Platforms.ActiveCfg = Release|x86
		{6F29BECF-B64B-4621-8945-965A59AD2CFB}.Template|Mixed Platforms.Build.0 = Release|x86
		{6F29BECF-B64B-4621-8945-965A59AD2CFB}.Template|Win32.ActiveCfg = Release|x86
		{6F29BECF-B64B-4621-8945-965A59AD2CFB}.Template|x86.ActiveCfg = Release|x86
		{6F29BECF-B64B-4621-8945-965A59AD2CFB}.Template|x86.Build.0 = Release|x86
		{2FC576CD-35FF-4234-BA13-6B2A2DD47DBD}.CodeCoverage|Any CPU.ActiveCfg = Template|Win32
		{2FC576CD-35FF-4234-BA13-6B2A2DD47DBD}.CodeCoverage|Mixed Platforms.ActiveCfg = Template|Win32
		{2FC576CD-35FF-4234-BA13-6B2A2DD47DBD}.CodeCoverage|Mixed Platforms.Build.0 = Template|Win32
		{2FC576CD-35FF-4234-BA13-6B2A2DD47DBD}.CodeCoverage|Win32.ActiveCfg = Template|Win32
		{2FC576CD-35FF-4234-BA13-6B2A2DD47DBD}.CodeCoverage|Win32.Build.0 = Template|Win32
		{2FC576CD-35FF-4234-BA13-6B2A2DD47DBD}.CodeCoverage|x86.ActiveCfg = Template|Win32
		{2FC576CD-35FF-4234-BA13-6B2A2DD47DBD}.Debug|Any CPU.ActiveCfg = Debug|Win32
		{2FC576CD-35FF-4234-BA13-6B2A2DD47DBD}.Debug|Mixed Platforms.ActiveCfg = Debug|Win32
		{2FC576CD-35FF-4234-BA13-6B2A2DD47DBD}.Debug|Mixed Platforms.Build.0 = Debug|Win32
		{2FC576CD-35FF-4234-BA13-6B2A2DD47DBD}.Debug|Win32.ActiveCfg = Debug|Win32
		{2FC576CD-35FF-4234-BA13-6B2A2DD47DBD}.Debug|Win32.Build.0 = Debug|Win32
		{2FC576CD-35FF-4234-BA13-6B2A2DD47DBD}.Debug|x86.ActiveCfg = Debug|Win32
		{2FC576CD-35FF-4234-BA13-6B2A2DD47DBD}.Release|Any CPU.ActiveCfg = Release|Win32
		{2FC576CD-35FF-4234-BA13-6B2A2DD47DBD}.Release|Mixed Platforms.ActiveCfg = Release|Win32
		{2FC576CD-35FF-4234-BA13-6B2A2DD47DBD}.Release|Mixed Platforms.Build.0 = Release|Win32
		{2FC576CD-35FF-4234-BA13-6B2A2DD47DBD}.Release|Win32.ActiveCfg = Release|Win32
		{2FC576CD-35FF-4234-BA13-6B2A2DD47DBD}.Release|Win32.Build.0 = Release|Win32
		{2FC576CD-35FF-4234-BA13-6B2A2DD47DBD}.Release|x86.ActiveCfg = Release|Win32
		{2FC576CD-35FF-4234-BA13-6B2A2DD47DBD}.Template|Any CPU.ActiveCfg = Template|Win32
		{2FC576CD-35FF-4234-BA13-6B2A2DD47DBD}.Template|Mixed Platforms.ActiveCfg = Template|Win32
		{2FC576CD-35FF-4234-BA13-6B2A2DD47DBD}.Template|Mixed Platforms.Build.0 = Template|Win32
		{2FC576CD-35FF-4234-BA13-6B2A2DD47DBD}.Template|Win32.ActiveCfg = Template|Win32
		{2FC576CD-35FF-4234-BA13-6B2A2DD47DBD}.Template|Win32.Build.0 = Template|Win32
		{2FC576CD-35FF-4234-BA13-6B2A2DD47DBD}.Template|x86.ActiveCfg = Template|Win32
		{903A7DFE-EC65-44D4-8B01-05B677DD2A7D}.CodeCoverage|Any CPU.ActiveCfg = Release|Win32
		{903A7DFE-EC65-44D4-8B01-05B677DD2A7D}.CodeCoverage|Mixed Platforms.ActiveCfg = Release|Win32
		{903A7DFE-EC65-44D4-8B01-05B677DD2A7D}.CodeCoverage|Mixed Platforms.Build.0 = Release|Win32
		{903A7DFE-EC65-44D4-8B01-05B677DD2A7D}.CodeCoverage|Win32.ActiveCfg = Release|Win32
		{903A7DFE-EC65-44D4-8B01-05B677DD2A7D}.CodeCoverage|Win32.Build.0 = Release|Win32
		{903A7DFE-EC65-44D4-8B01-05B677DD2A7D}.CodeCoverage|x86.ActiveCfg = Release|Win32
		{903A7DFE-EC65-44D4-8B01-05B677DD2A7D}.Debug|Any CPU.ActiveCfg = Debug|Win32
		{903A7DFE-EC65-44D4-8B01-05B677DD2A7D}.Debug|Mixed Platforms.ActiveCfg = Debug|Win32
		{903A7DFE-EC65-44D4-8B01-05B677DD2A7D}.Debug|Mixed Platforms.Build.0 = Debug|Win32
		{903A7DFE-EC65-44D4-8B01-05B677DD2A7D}.Debug|Win32.ActiveCfg = Debug|Win32
		{903A7DFE-EC65-44D4-8B01-05B677DD2A7D}.Debug|Win32.Build.0 = Debug|Win32
		{903A7DFE-EC65-44D4-8B01-05B677DD2A7D}.Debug|x86.ActiveCfg = Debug|Win32
		{903A7DFE-EC65-44D4-8B01-05B677DD2A7D}.Release|Any CPU.ActiveCfg = Release|Win32
		{903A7DFE-EC65-44D4-8B01-05B677DD2A7D}.Release|Mixed Platforms.ActiveCfg = Release|Win32
		{903A7DFE-EC65-44D4-8B01-05B677DD2A7D}.Release|Mixed Platforms.Build.0 = Release|Win32
		{903A7DFE-EC65-44D4-8B01-05B677DD2A7D}.Release|Win32.ActiveCfg = Release|Win32
		{903A7DFE-EC65-44D4-8B01-05B677DD2A7D}.Release|Win32.Build.0 = Release|Win32
		{903A7DFE-EC65-44D4-8B01-05B677DD2A7D}.Release|x86.ActiveCfg = Release|Win32
		{903A7DFE-EC65-44D4-8B01-05B677DD2A7D}.Template|Any CPU.ActiveCfg = Release|Win32
		{903A7DFE-EC65-44D4-8B01-05B677DD2A7D}.Template|Mixed Platforms.ActiveCfg = Release|Win32
		{903A7DFE-EC65-44D4-8B01-05B677DD2A7D}.Template|Mixed Platforms.Build.0 = Release|Win32
		{903A7DFE-EC65-44D4-8B01-05B677DD2A7D}.Template|Win32.ActiveCfg = Release|Win32
		{903A7DFE-EC65-44D4-8B01-05B677DD2A7D}.Template|Win32.Build.0 = Release|Win32
		{903A7DFE-EC65-44D4-8B01-05B677DD2A7D}.Template|x86.ActiveCfg = Release|Win32
		{18CE206C-5C02-46BA-92A9-C36B6C69D60E}.CodeCoverage|Any CPU.ActiveCfg = Release|Win32
		{18CE206C-5C02-46BA-92A9-C36B6C69D60E}.CodeCoverage|Mixed Platforms.ActiveCfg = Release|Win32
		{18CE206C-5C02-46BA-92A9-C36B6C69D60E}.CodeCoverage|Mixed Platforms.Build.0 = Release|Win32
		{18CE206C-5C02-46BA-92A9-C36B6C69D60E}.CodeCoverage|Win32.ActiveCfg = Release|Win32
		{18CE206C-5C02-46BA-92A9-C36B6C69D60E}.CodeCoverage|Win32.Build.0 = Release|Win32
		{18CE206C-5C02-46BA-92A9-C36B6C69D60E}.CodeCoverage|x86.ActiveCfg = Release|Win32
		{18CE206C-5C02-46BA-92A9-C36B6C69D60E}.Debug|Any CPU.ActiveCfg = Debug|Win32
		{18CE206C-5C02-46BA-92A9-C36B6C69D60E}.Debug|Mixed Platforms.ActiveCfg = Debug|Win32
		{18CE206C-5C02-46BA-92A9-C36B6C69D60E}.Debug|Mixed Platforms.Build.0 = Debug|Win32
		{18CE206C-5C02-46BA-92A9-C36B6C69D60E}.Debug|Win32.ActiveCfg = Debug|Win32
		{18CE206C-5C02-46BA-92A9-C36B6C69D60E}.Debug|Win32.Build.0 = Debug|Win32
		{18CE206C-5C02-46BA-92A9-C36B6C69D60E}.Debug|x86.ActiveCfg = Debug|Win32
		{18CE206C-5C02-46BA-92A9-C36B6C69D60E}.Release|Any CPU.ActiveCfg = Release|Win32
		{18CE206C-5C02-46BA-92A9-C36B6C69D60E}.Release|Mixed Platforms.ActiveCfg = Release|Win32
		{18CE206C-5C02-46BA-92A9-C36B6C69D60E}.Release|Mixed Platforms.Build.0 = Release|Win32
		{18CE206C-5C02-46BA-92A9-C36B6C69D60E}.Release|Win32.ActiveCfg = Release|Win32
		{18CE206C-5C02-46BA-92A9-C36B6C69D60E}.Release|Win32.Build.0 = Release|Win32
		{18CE206C-5C02-46BA-92A9-C36B6C69D60E}.Release|x86.ActiveCfg = Release|Win32
		{18CE206C-5C02-46BA-92A9-C36B6C69D60E}.Template|Any CPU.ActiveCfg = Release|Win32
		{18CE206C-5C02-46BA-92A9-C36B6C69D60E}.Template|Mixed Platforms.ActiveCfg = Release|Win32
		{18CE206C-5C02-46BA-92A9-C36B6C69D60E}.Template|Mixed Platforms.Build.0 = Release|Win32
		{18CE206C-5C02-46BA-92A9-C36B6C69D60E}.Template|Win32.ActiveCfg = Release|Win32
		{18CE206C-5C02-46BA-92A9-C36B6C69D60E}.Template|Win32.Build.0 = Release|Win32
		{18CE206C-5C02-46BA-92A9-C36B6C69D60E}.Template|x86.ActiveCfg = Release|Win32
		{C19AFE0B-2CC9-4925-AB52-A3CB2913E497}.CodeCoverage|Any CPU.ActiveCfg = Release|Win32
		{C19AFE0B-2CC9-4925-AB52-A3CB2913E497}.CodeCoverage|Mixed Platforms.ActiveCfg = Release|Win32
		{C19AFE0B-2CC9-4925-AB52-A3CB2913E497}.CodeCoverage|Mixed Platforms.Build.0 = Release|Win32
		{C19AFE0B-2CC9-4925-AB52-A3CB2913E497}.CodeCoverage|Win32.ActiveCfg = Release|Win32
		{C19AFE0B-2CC9-4925-AB52-A3CB2913E497}.CodeCoverage|Win32.Build.0 = Release|Win32
		{C19AFE0B-2CC9-4925-AB52-A3CB2913E497}.CodeCoverage|x86.ActiveCfg = Release|Win32
		{C19AFE0B-2CC9-4925-AB52-A3CB2913E497}.Debug|Any CPU.ActiveCfg = Debug|Win32
		{C19AFE0B-2CC9-4925-AB52-A3CB2913E497}.Debug|Mixed Platforms.ActiveCfg = Debug|Win32
		{C19AFE0B-2CC9-4925-AB52-A3CB2913E497}.Debug|Mixed Platforms.Build.0 = Debug|Win32
		{C19AFE0B-2CC9-4925-AB52-A3CB2913E497}.Debug|Win32.ActiveCfg = Debug|Win32
		{C19AFE0B-2CC9-4925-AB52-A3CB2913E497}.Debug|Win32.Build.0 = Debug|Win32
		{C19AFE0B-2CC9-4925-AB52-A3CB2913E497}.Debug|x86.ActiveCfg = Debug|Win32
		{C19AFE0B-2CC9-4925-AB52-A3CB2913E497}.Release|Any CPU.ActiveCfg = Release|Win32
		{C19AFE0B-2CC9-4925-AB52-A3CB2913E497}.Release|Mixed Platforms.ActiveCfg = Release|Win32
		{C19AFE0B-2CC9-4925-AB52-A3CB2913E497}.Release|Mixed Platforms.Build.0 = Release|Win32
		{C19AFE0B-2CC9-4925-AB52-A3CB2913E497}.Release|Win32.ActiveCfg = Release|Win32
		{C19AFE0B-2CC9-4925-AB52-A3CB2913E497}.Release|Win32.Build.0 = Release|Win32
		{C19AFE0B-2CC9-4925-AB52-A3CB2913E497}.Release|x86.ActiveCfg = Release|Win32
		{C19AFE0B-2CC9-4925-AB52-A3CB2913E497}.Template|Any CPU.ActiveCfg = Release|Win32
		{C19AFE0B-2CC9-4925-AB52-A3CB2913E497}.Template|Mixed Platforms.ActiveCfg = Release|Win32
		{C19AFE0B-2CC9-4925-AB52-A3CB2913E497}.Template|Mixed Platforms.Build.0 = Release|Win32
		{C19AFE0B-2CC9-4925-AB52-A3CB2913E497}.Template|Win32.ActiveCfg = Release|Win32
		{C19AFE0B-2CC9-4925-AB52-A3CB2913E497}.Template|Win32.Build.0 = Release|Win32
		{C19AFE0B-2CC9-4925-AB52-A3CB2913E497}.Template|x86.ActiveCfg = Release|Win32
	EndGlobalSection
	GlobalSection(SolutionProperties) = preSolution
		HideSolutionNode = FALSE
	EndGlobalSection
EndGlobal
