<?xml version="1.0" encoding="utf-8"?>
<Project ToolsVersion="4.0" xmlns="http://schemas.microsoft.com/developer/msbuild/2003">
  <ItemGroup>
    <ClCompile Include="Main.cpp" />
    <ClCompile Include="stdafx.cpp" />
    <ClCompile Include="MyMdSpi.cpp" />
    <ClCompile Include="MyTraderSpi.cpp" />
  </ItemGroup>
  <ItemGroup>
    <ClInclude Include="Common.h" />
    <ClInclude Include="DataSniffer.h" />
    <ClInclude Include="MyTrader.h" />
    <ClInclude Include="stdafx.h" />
    <ClInclude Include="ThostTraderApi\ThostFtdcMdApi.h">
      <Filter>Common</Filter>
    </ClInclude>
    <ClInclude Include="ThostTraderApi\ThostFtdcTraderApi.h">
      <Filter>Common</Filter>
    </ClInclude>
    <ClInclude Include="ThostTraderApi\ThostFtdcUserApiDataType.h">
      <Filter>Common</Filter>
    </ClInclude>
    <ClInclude Include="ThostTraderApi\ThostFtdcUserApiStruct.h">
      <Filter>Common</Filter>
    </ClInclude>
    <ClInclude Include="MyMdSpi.h" />
    <ClInclude Include="MyTraderSpi.h" />
  </ItemGroup>
  <ItemGroup>
    <None Include="AutoTrader.cfg" />
    <None Include="AutoTrader.dat" />
    <None Include="ThostTraderApi\thostmduserapi.dll">
      <Filter>Common</Filter>
    </None>
    <None Include="ThostTraderApi\thosttraderapi.dll">
      <Filter>Common</Filter>
    </None>
  </ItemGroup>
  <ItemGroup>
    <Library Include="ThostTraderApi\thosttraderapi.lib">
      <Filter>Common</Filter>
    </Library>
    <Library Include="ThostTraderApi\thostmduserapi.lib">
      <Filter>Common</Filter>
    </Library>
  </ItemGroup>
  <ItemGroup>
    <Filter Include="Common">
      <UniqueIdentifier>{dd1e6231-c596-428d-9331-bce6439abb56}</UniqueIdentifier>
    </Filter>
  </ItemGroup>
</Project>