Microsoft Visual Studio Solution File, Format Version 11.00
# Visual Studio 2010
Project("{FAE04EC0-301F-11D3-BF4B-00C04F79EFBC}") = "CrawlerCommon", "CrawlerCommon\CrawlerCommon.csproj", "{800CF1D0-F143-42FA-A0F8-79E54A747E3A}"
EndProject
Project("{FAE04EC0-301F-11D3-BF4B-00C04F79EFBC}") = "Crawler", "Crawler\Crawler.csproj", "{2A54D63B-5385-435D-9F91-6517E567F093}"
EndProject
Project("{FAE04EC0-301F-11D3-BF4B-00C04F79EFBC}") = "CrawlerEngine", "CrawlerEngine\CrawlerEngine.csproj", "{A7E4B9BE-1A2C-4E42-8992-153F1306551F}"
EndProject
Project("{FAE04EC0-301F-11D3-BF4B-00C04F79EFBC}") = "CrawlerUI", "CrawlerUI\CrawlerUI.csproj", "{39C545B6-A915-4A77-910E-7DA077C56E0C}"
EndProject
Project("{FAE04EC0-301F-11D3-BF4B-00C04F79EFBC}") = "CrawlerConsole", "CrawlerConsole\CrawlerConsole.csproj", "{18DBAB6B-A477-404A-8599-EA518616609B}"
EndProject
Project("{FAE04EC0-301F-11D3-BF4B-00C04F79EFBC}") = "CrawlerInput", "CrawlerInput\CrawlerInput.csproj", "{579D0A28-7AC0-48BA-85E4-2B4812B03B48}"
EndProject
Project("{FAE04EC0-301F-11D3-BF4B-00C04F79EFBC}") = "CrawlerOutPut", "CrawlerOutPut\CrawlerOutPut.csproj", "{FD075259-A9CF-43C5-AA68-BEC45B1677D1}"
EndProject
Project("{FAE04EC0-301F-11D3-BF4B-00C04F79EFBC}") = "CrawlerSettings", "CrawlerSettings\CrawlerSettings.csproj", "{160E06B7-BD81-4DD5-9F73-21391095ED92}"
EndProject
Project("{2150E333-8FDC-42A3-9474-1A3956D46DE8}") = "Samples", "Samples", "{989701A4-DE45-4BF2-8123-1BF06978445C}"
EndProject
Project("{FAE04EC0-301F-11D3-BF4B-00C04F79EFBC}") = "JsonSample1", "JsonSample1\JsonSample1.csproj", "{F90B8E2C-62F6-494F-A298-96C9EC348491}"
EndProject
Project("{FAE04EC0-301F-11D3-BF4B-00C04F79EFBC}") = "JsonSample2", "JsonSample2\JsonSample2.csproj", "{E4B96849-CF34-4AB9-A173-C9E8A9BDA4E9}"
EndProject
Project("{FAE04EC0-301F-11D3-BF4B-00C04F79EFBC}") = "DecratorSample1", "DecratorSample1\DecratorSample1.csproj", "{703E9A47-186D-480C-9535-3D4FD197482D}"
EndProject
Global
	GlobalSection(SolutionConfigurationPlatforms) = preSolution
		Debug|Any CPU = Debug|Any CPU
		Debug|Mixed Platforms = Debug|Mixed Platforms
		Debug|x86 = Debug|x86
		Release|Any CPU = Release|Any CPU
		Release|Mixed Platforms = Release|Mixed Platforms
		Release|x86 = Release|x86
	EndGlobalSection
	GlobalSection(ProjectConfigurationPlatforms) = postSolution
		{800CF1D0-F143-42FA-A0F8-79E54A747E3A}.Debug|Any CPU.ActiveCfg = Debug|Any CPU
		{800CF1D0-F143-42FA-A0F8-79E54A747E3A}.Debug|Any CPU.Build.0 = Debug|Any CPU
		{800CF1D0-F143-42FA-A0F8-79E54A747E3A}.Debug|Mixed Platforms.ActiveCfg = Debug|Any CPU
		{800CF1D0-F143-42FA-A0F8-79E54A747E3A}.Debug|Mixed Platforms.Build.0 = Debug|Any CPU
		{800CF1D0-F143-42FA-A0F8-79E54A747E3A}.Debug|x86.ActiveCfg = Debug|Any CPU
		{800CF1D0-F143-42FA-A0F8-79E54A747E3A}.Release|Any CPU.ActiveCfg = Release|Any CPU
		{800CF1D0-F143-42FA-A0F8-79E54A747E3A}.Release|Any CPU.Build.0 = Release|Any CPU
		{800CF1D0-F143-42FA-A0F8-79E54A747E3A}.Release|Mixed Platforms.ActiveCfg = Release|Any CPU
		{800CF1D0-F143-42FA-A0F8-79E54A747E3A}.Release|Mixed Platforms.Build.0 = Release|Any CPU
		{800CF1D0-F143-42FA-A0F8-79E54A747E3A}.Release|x86.ActiveCfg = Release|Any CPU
		{2A54D63B-5385-435D-9F91-6517E567F093}.Debug|Any CPU.ActiveCfg = Debug|Any CPU
		{2A54D63B-5385-435D-9F91-6517E567F093}.Debug|Any CPU.Build.0 = Debug|Any CPU
		{2A54D63B-5385-435D-9F91-6517E567F093}.Debug|Mixed Platforms.ActiveCfg = Debug|Any CPU
		{2A54D63B-5385-435D-9F91-6517E567F093}.Debug|Mixed Platforms.Build.0 = Debug|Any CPU
		{2A54D63B-5385-435D-9F91-6517E567F093}.Debug|x86.ActiveCfg = Debug|Any CPU
		{2A54D63B-5385-435D-9F91-6517E567F093}.Release|Any CPU.ActiveCfg = Release|Any CPU
		{2A54D63B-5385-435D-9F91-6517E567F093}.Release|Any CPU.Build.0 = Release|Any CPU
		{2A54D63B-5385-435D-9F91-6517E567F093}.Release|Mixed Platforms.ActiveCfg = Release|Any CPU
		{2A54D63B-5385-435D-9F91-6517E567F093}.Release|Mixed Platforms.Build.0 = Release|Any CPU
		{2A54D63B-5385-435D-9F91-6517E567F093}.Release|x86.ActiveCfg = Release|Any CPU
		{A7E4B9BE-1A2C-4E42-8992-153F1306551F}.Debug|Any CPU.ActiveCfg = Debug|Any CPU
		{A7E4B9BE-1A2C-4E42-8992-153F1306551F}.Debug|Any CPU.Build.0 = Debug|Any CPU
		{A7E4B9BE-1A2C-4E42-8992-153F1306551F}.Debug|Mixed Platforms.ActiveCfg = Debug|Any CPU
		{A7E4B9BE-1A2C-4E42-8992-153F1306551F}.Debug|Mixed Platforms.Build.0 = Debug|Any CPU
		{A7E4B9BE-1A2C-4E42-8992-153F1306551F}.Debug|x86.ActiveCfg = Debug|Any CPU
		{A7E4B9BE-1A2C-4E42-8992-153F1306551F}.Release|Any CPU.ActiveCfg = Release|Any CPU
		{A7E4B9BE-1A2C-4E42-8992-153F1306551F}.Release|Any CPU.Build.0 = Release|Any CPU
		{A7E4B9BE-1A2C-4E42-8992-153F1306551F}.Release|Mixed Platforms.ActiveCfg = Release|Any CPU
		{A7E4B9BE-1A2C-4E42-8992-153F1306551F}.Release|Mixed Platforms.Build.0 = Release|Any CPU
		{A7E4B9BE-1A2C-4E42-8992-153F1306551F}.Release|x86.ActiveCfg = Release|Any CPU
		{39C545B6-A915-4A77-910E-7DA077C56E0C}.Debug|Any CPU.ActiveCfg = Debug|x86
		{39C545B6-A915-4A77-910E-7DA077C56E0C}.Debug|Mixed Platforms.ActiveCfg = Debug|x86
		{39C545B6-A915-4A77-910E-7DA077C56E0C}.Debug|Mixed Platforms.Build.0 = Debug|x86
		{39C545B6-A915-4A77-910E-7DA077C56E0C}.Debug|x86.ActiveCfg = Debug|x86
		{39C545B6-A915-4A77-910E-7DA077C56E0C}.Debug|x86.Build.0 = Debug|x86
		{39C545B6-A915-4A77-910E-7DA077C56E0C}.Release|Any CPU.ActiveCfg = Release|x86
		{39C545B6-A915-4A77-910E-7DA077C56E0C}.Release|Mixed Platforms.ActiveCfg = Release|x86
		{39C545B6-A915-4A77-910E-7DA077C56E0C}.Release|Mixed Platforms.Build.0 = Release|x86
		{39C545B6-A915-4A77-910E-7DA077C56E0C}.Release|x86.ActiveCfg = Release|x86
		{39C545B6-A915-4A77-910E-7DA077C56E0C}.Release|x86.Build.0 = Release|x86
		{18DBAB6B-A477-404A-8599-EA518616609B}.Debug|Any CPU.ActiveCfg = Debug|x86
		{18DBAB6B-A477-404A-8599-EA518616609B}.Debug|Mixed Platforms.ActiveCfg = Debug|x86
		{18DBAB6B-A477-404A-8599-EA518616609B}.Debug|Mixed Platforms.Build.0 = Debug|x86
		{18DBAB6B-A477-404A-8599-EA518616609B}.Debug|x86.ActiveCfg = Debug|x86
		{18DBAB6B-A477-404A-8599-EA518616609B}.Debug|x86.Build.0 = Debug|x86
		{18DBAB6B-A477-404A-8599-EA518616609B}.Release|Any CPU.ActiveCfg = Release|x86
		{18DBAB6B-A477-404A-8599-EA518616609B}.Release|Mixed Platforms.ActiveCfg = Release|x86
		{18DBAB6B-A477-404A-8599-EA518616609B}.Release|Mixed Platforms.Build.0 = Release|x86
		{18DBAB6B-A477-404A-8599-EA518616609B}.Release|x86.ActiveCfg = Release|x86
		{18DBAB6B-A477-404A-8599-EA518616609B}.Release|x86.Build.0 = Release|x86
		{579D0A28-7AC0-48BA-85E4-2B4812B03B48}.Debug|Any CPU.ActiveCfg = Debug|x86
		{579D0A28-7AC0-48BA-85E4-2B4812B03B48}.Debug|Mixed Platforms.ActiveCfg = Debug|x86
		{579D0A28-7AC0-48BA-85E4-2B4812B03B48}.Debug|Mixed Platforms.Build.0 = Debug|x86
		{579D0A28-7AC0-48BA-85E4-2B4812B03B48}.Debug|x86.ActiveCfg = Debug|x86
		{579D0A28-7AC0-48BA-85E4-2B4812B03B48}.Debug|x86.Build.0 = Debug|x86
		{579D0A28-7AC0-48BA-85E4-2B4812B03B48}.Release|Any CPU.ActiveCfg = Release|x86
		{579D0A28-7AC0-48BA-85E4-2B4812B03B48}.Release|Mixed Platforms.ActiveCfg = Release|x86
		{579D0A28-7AC0-48BA-85E4-2B4812B03B48}.Release|Mixed Platforms.Build.0 = Release|x86
		{579D0A28-7AC0-48BA-85E4-2B4812B03B48}.Release|x86.ActiveCfg = Release|x86
		{579D0A28-7AC0-48BA-85E4-2B4812B03B48}.Release|x86.Build.0 = Release|x86
		{FD075259-A9CF-43C5-AA68-BEC45B1677D1}.Debug|Any CPU.ActiveCfg = Debug|Any CPU
		{FD075259-A9CF-43C5-AA68-BEC45B1677D1}.Debug|Any CPU.Build.0 = Debug|Any CPU
		{FD075259-A9CF-43C5-AA68-BEC45B1677D1}.Debug|Mixed Platforms.ActiveCfg = Debug|Any CPU
		{FD075259-A9CF-43C5-AA68-BEC45B1677D1}.Debug|Mixed Platforms.Build.0 = Debug|Any CPU
		{FD075259-A9CF-43C5-AA68-BEC45B1677D1}.Debug|x86.ActiveCfg = Debug|Any CPU
		{FD075259-A9CF-43C5-AA68-BEC45B1677D1}.Release|Any CPU.ActiveCfg = Release|Any CPU
		{FD075259-A9CF-43C5-AA68-BEC45B1677D1}.Release|Any CPU.Build.0 = Release|Any CPU
		{FD075259-A9CF-43C5-AA68-BEC45B1677D1}.Release|Mixed Platforms.ActiveCfg = Release|Any CPU
		{FD075259-A9CF-43C5-AA68-BEC45B1677D1}.Release|Mixed Platforms.Build.0 = Release|Any CPU
		{FD075259-A9CF-43C5-AA68-BEC45B1677D1}.Release|x86.ActiveCfg = Release|Any CPU
		{160E06B7-BD81-4DD5-9F73-21391095ED92}.Debug|Any CPU.ActiveCfg = Debug|Any CPU
		{160E06B7-BD81-4DD5-9F73-21391095ED92}.Debug|Any CPU.Build.0 = Debug|Any CPU
		{160E06B7-BD81-4DD5-9F73-21391095ED92}.Debug|Mixed Platforms.ActiveCfg = Debug|Any CPU
		{160E06B7-BD81-4DD5-9F73-21391095ED92}.Debug|Mixed Platforms.Build.0 = Debug|Any CPU
		{160E06B7-BD81-4DD5-9F73-21391095ED92}.Debug|x86.ActiveCfg = Debug|Any CPU
		{160E06B7-BD81-4DD5-9F73-21391095ED92}.Release|Any CPU.ActiveCfg = Release|Any CPU
		{160E06B7-BD81-4DD5-9F73-21391095ED92}.Release|Any CPU.Build.0 = Release|Any CPU
		{160E06B7-BD81-4DD5-9F73-21391095ED92}.Release|Mixed Platforms.ActiveCfg = Release|Any CPU
		{160E06B7-BD81-4DD5-9F73-21391095ED92}.Release|Mixed Platforms.Build.0 = Release|Any CPU
		{160E06B7-BD81-4DD5-9F73-21391095ED92}.Release|x86.ActiveCfg = Release|Any CPU
		{F90B8E2C-62F6-494F-A298-96C9EC348491}.Debug|Any CPU.ActiveCfg = Debug|x86
		{F90B8E2C-62F6-494F-A298-96C9EC348491}.Debug|Mixed Platforms.ActiveCfg = Debug|x86
		{F90B8E2C-62F6-494F-A298-96C9EC348491}.Debug|Mixed Platforms.Build.0 = Debug|x86
		{F90B8E2C-62F6-494F-A298-96C9EC348491}.Debug|x86.ActiveCfg = Debug|x86
		{F90B8E2C-62F6-494F-A298-96C9EC348491}.Debug|x86.Build.0 = Debug|x86
		{F90B8E2C-62F6-494F-A298-96C9EC348491}.Release|Any CPU.ActiveCfg = Release|x86
		{F90B8E2C-62F6-494F-A298-96C9EC348491}.Release|Mixed Platforms.ActiveCfg = Release|x86
		{F90B8E2C-62F6-494F-A298-96C9EC348491}.Release|Mixed Platforms.Build.0 = Release|x86
		{F90B8E2C-62F6-494F-A298-96C9EC348491}.Release|x86.ActiveCfg = Release|x86
		{F90B8E2C-62F6-494F-A298-96C9EC348491}.Release|x86.Build.0 = Release|x86
		{E4B96849-CF34-4AB9-A173-C9E8A9BDA4E9}.Debug|Any CPU.ActiveCfg = Debug|x86
		{E4B96849-CF34-4AB9-A173-C9E8A9BDA4E9}.Debug|Mixed Platforms.ActiveCfg = Debug|x86
		{E4B96849-CF34-4AB9-A173-C9E8A9BDA4E9}.Debug|Mixed Platforms.Build.0 = Debug|x86
		{E4B96849-CF34-4AB9-A173-C9E8A9BDA4E9}.Debug|x86.ActiveCfg = Debug|x86
		{E4B96849-CF34-4AB9-A173-C9E8A9BDA4E9}.Debug|x86.Build.0 = Debug|x86
		{E4B96849-CF34-4AB9-A173-C9E8A9BDA4E9}.Release|Any CPU.ActiveCfg = Release|x86
		{E4B96849-CF34-4AB9-A173-C9E8A9BDA4E9}.Release|Mixed Platforms.ActiveCfg = Release|x86
		{E4B96849-CF34-4AB9-A173-C9E8A9BDA4E9}.Release|Mixed Platforms.Build.0 = Release|x86
		{E4B96849-CF34-4AB9-A173-C9E8A9BDA4E9}.Release|x86.ActiveCfg = Release|x86
		{E4B96849-CF34-4AB9-A173-C9E8A9BDA4E9}.Release|x86.Build.0 = Release|x86
		{703E9A47-186D-480C-9535-3D4FD197482D}.Debug|Any CPU.ActiveCfg = Debug|x86
		{703E9A47-186D-480C-9535-3D4FD197482D}.Debug|Mixed Platforms.ActiveCfg = Debug|x86
		{703E9A47-186D-480C-9535-3D4FD197482D}.Debug|Mixed Platforms.Build.0 = Debug|x86
		{703E9A47-186D-480C-9535-3D4FD197482D}.Debug|x86.ActiveCfg = Debug|x86
		{703E9A47-186D-480C-9535-3D4FD197482D}.Debug|x86.Build.0 = Debug|x86
		{703E9A47-186D-480C-9535-3D4FD197482D}.Release|Any CPU.ActiveCfg = Release|x86
		{703E9A47-186D-480C-9535-3D4FD197482D}.Release|Mixed Platforms.ActiveCfg = Release|x86
		{703E9A47-186D-480C-9535-3D4FD197482D}.Release|Mixed Platforms.Build.0 = Release|x86
		{703E9A47-186D-480C-9535-3D4FD197482D}.Release|x86.ActiveCfg = Release|x86
		{703E9A47-186D-480C-9535-3D4FD197482D}.Release|x86.Build.0 = Release|x86
	EndGlobalSection
	GlobalSection(SolutionProperties) = preSolution
		HideSolutionNode = FALSE
	EndGlobalSection
	GlobalSection(NestedProjects) = preSolution
		{F90B8E2C-62F6-494F-A298-96C9EC348491} = {989701A4-DE45-4BF2-8123-1BF06978445C}
		{E4B96849-CF34-4AB9-A173-C9E8A9BDA4E9} = {989701A4-DE45-4BF2-8123-1BF06978445C}
		{703E9A47-186D-480C-9535-3D4FD197482D} = {989701A4-DE45-4BF2-8123-1BF06978445C}
	EndGlobalSection
EndGlobal
